
Microsoft Visual Studio Solution File, Format Version 12.00
# Visual Studio 15
VisualStudioVersion = 15.0.28010.2041
MinimumVisualStudioVersion = 10.0.40219.1
Project("{FAE04EC0-301F-11D3-BF4B-00C04F79EFBC}") = "Polecenie - wzorzec projektowy", "Polecenie - wzorzec projektowy\Polecenie - wzorzec projektowy.csproj", "{808417A6-D75C-4C60-A6EA-23EC8388EAC7}"
EndProject
Global
	GlobalSection(SolutionConfigurationPlatforms) = preSolution
		Debug|Any CPU = Debug|Any CPU
		Release|Any CPU = Release|Any CPU
	EndGlobalSection
	GlobalSection(ProjectConfigurationPlatforms) = postSolution
		{808417A6-D75C-4C60-A6EA-23EC8388EAC7}.Debug|Any CPU.ActiveCfg = Debug|Any CPU
		{808417A6-D75C-4C60-A6EA-23EC8388EAC7}.Debug|Any CPU.Build.0 = Debug|Any CPU
		{808417A6-D75C-4C60-A6EA-23EC8388EAC7}.Release|Any CPU.ActiveCfg = Release|Any CPU
		{808417A6-D75C-4C60-A6EA-23EC8388EAC7}.Release|Any CPU.Build.0 = Release|Any CPU
	EndGlobalSection
	GlobalSection(SolutionProperties) = preSolution
		HideSolutionNode = FALSE
	EndGlobalSection
	GlobalSection(ExtensibilityGlobals) = postSolution
		SolutionGuid = {0EB55FAF-90E6-4D9A-8B45-96D0D5F9F9B6}
	EndGlobalSection
EndGlobal
