
Microsoft Visual Studio Solution File, Format Version 12.00
# Visual Studio 15
VisualStudioVersion = 15.0.28010.2041
MinimumVisualStudioVersion = 10.0.40219.1
Project("{FAE04EC0-301F-11D3-BF4B-00C04F79EFBC}") = "Fabryka - wzorzec projektowy", "Fabryka - wzorzec projektowy\Fabryka - wzorzec projektowy.csproj", "{1E1ABC92-A9B5-4A74-BCBD-5FAC13BCC09A}"
EndProject
Global
	GlobalSection(SolutionConfigurationPlatforms) = preSolution
		Debug|Any CPU = Debug|Any CPU
		Release|Any CPU = Release|Any CPU
	EndGlobalSection
	GlobalSection(ProjectConfigurationPlatforms) = postSolution
		{1E1ABC92-A9B5-4A74-BCBD-5FAC13BCC09A}.Debug|Any CPU.ActiveCfg = Debug|Any CPU
		{1E1ABC92-A9B5-4A74-BCBD-5FAC13BCC09A}.Debug|Any CPU.Build.0 = Debug|Any CPU
		{1E1ABC92-A9B5-4A74-BCBD-5FAC13BCC09A}.Release|Any CPU.ActiveCfg = Release|Any CPU
		{1E1ABC92-A9B5-4A74-BCBD-5FAC13BCC09A}.Release|Any CPU.Build.0 = Release|Any CPU
	EndGlobalSection
	GlobalSection(SolutionProperties) = preSolution
		HideSolutionNode = FALSE
	EndGlobalSection
	GlobalSection(ExtensibilityGlobals) = postSolution
		SolutionGuid = {BDC8869C-7FDA-4587-A7CB-62223A5A97C5}
	EndGlobalSection
EndGlobal
